// !$*UTF8*$!
{
	archiveVersion = 1;
	classes = {
	};
	objectVersion = 56;
	objects = {

/* Begin PBXBuildFile section */
		AC82347D295712DA0096AAB1 /* BtnBorderComponent.swift in Sources */ = {isa = PBXBuildFile; fileRef = AC82347C295712DA0096AAB1 /* BtnBorderComponent.swift */; };
		AC97C7462956DD4700F79594 /* Genos-Regular.ttf in Resources */ = {isa = PBXBuildFile; fileRef = AC97C7452956DD4700F79594 /* Genos-Regular.ttf */; };
		AC97C7482956DEB300F79594 /* Genos-Medium.ttf in Resources */ = {isa = PBXBuildFile; fileRef = AC97C7472956DEB300F79594 /* Genos-Medium.ttf */; };
		ACA3D88C29596FFD0031547C /* LoginPasswordScreen.swift in Sources */ = {isa = PBXBuildFile; fileRef = ACA3D88B29596FFD0031547C /* LoginPasswordScreen.swift */; };
		ACA3D88E295973D60031547C /* ForgottenScreen.swift in Sources */ = {isa = PBXBuildFile; fileRef = ACA3D88D295973D60031547C /* ForgottenScreen.swift */; };
		ACA3D890295976900031547C /* RegistrationScreen.swift in Sources */ = {isa = PBXBuildFile; fileRef = ACA3D88F295976900031547C /* RegistrationScreen.swift */; };
		ACC2F5C329531E3B004F37A7 /* PrivateFileSharingAppApp.swift in Sources */ = {isa = PBXBuildFile; fileRef = ACC2F5C229531E3B004F37A7 /* PrivateFileSharingAppApp.swift */; };
		ACC2F5C529531E3B004F37A7 /* ContentView.swift in Sources */ = {isa = PBXBuildFile; fileRef = ACC2F5C429531E3B004F37A7 /* ContentView.swift */; };
		ACC2F5C729531E3D004F37A7 /* Assets.xcassets in Resources */ = {isa = PBXBuildFile; fileRef = ACC2F5C629531E3D004F37A7 /* Assets.xcassets */; };
		ACC2F5CA29531E3D004F37A7 /* Preview Assets.xcassets in Resources */ = {isa = PBXBuildFile; fileRef = ACC2F5C929531E3D004F37A7 /* Preview Assets.xcassets */; };
		ACC2F5D129531FAF004F37A7 /* LoginScreen.swift in Sources */ = {isa = PBXBuildFile; fileRef = ACC2F5D029531FAF004F37A7 /* LoginScreen.swift */; };
		ACC2F5D329531FFE004F37A7 /* TextFieldComponent.swift in Sources */ = {isa = PBXBuildFile; fileRef = ACC2F5D229531FFE004F37A7 /* TextFieldComponent.swift */; };
		ACC2F5D72953258A004F37A7 /* FieldViewModel.swift in Sources */ = {isa = PBXBuildFile; fileRef = ACC2F5D62953258A004F37A7 /* FieldViewModel.swift */; };
/* End PBXBuildFile section */

/* Begin PBXFileReference section */
		AC82347C295712DA0096AAB1 /* BtnBorderComponent.swift */ = {isa = PBXFileReference; lastKnownFileType = sourcecode.swift; path = BtnBorderComponent.swift; sourceTree = "<group>"; };
		AC97C7442956D84200F79594 /* Info.plist */ = {isa = PBXFileReference; lastKnownFileType = text.plist; path = Info.plist; sourceTree = "<group>"; };
		AC97C7452956DD4700F79594 /* Genos-Regular.ttf */ = {isa = PBXFileReference; lastKnownFileType = file; path = "Genos-Regular.ttf"; sourceTree = "<group>"; };
		AC97C7472956DEB300F79594 /* Genos-Medium.ttf */ = {isa = PBXFileReference; lastKnownFileType = file; path = "Genos-Medium.ttf"; sourceTree = "<group>"; };
		ACA3D88B29596FFD0031547C /* LoginPasswordScreen.swift */ = {isa = PBXFileReference; lastKnownFileType = sourcecode.swift; path = LoginPasswordScreen.swift; sourceTree = "<group>"; };
		ACA3D88D295973D60031547C /* ForgottenScreen.swift */ = {isa = PBXFileReference; lastKnownFileType = sourcecode.swift; path = ForgottenScreen.swift; sourceTree = "<group>"; };
		ACA3D88F295976900031547C /* RegistrationScreen.swift */ = {isa = PBXFileReference; lastKnownFileType = sourcecode.swift; path = RegistrationScreen.swift; sourceTree = "<group>"; };
		ACC2F5BF29531E3B004F37A7 /* PrivateFileSharingApp.app */ = {isa = PBXFileReference; explicitFileType = wrapper.application; includeInIndex = 0; path = PrivateFileSharingApp.app; sourceTree = BUILT_PRODUCTS_DIR; };
		ACC2F5C229531E3B004F37A7 /* PrivateFileSharingAppApp.swift */ = {isa = PBXFileReference; lastKnownFileType = sourcecode.swift; path = PrivateFileSharingAppApp.swift; sourceTree = "<group>"; };
		ACC2F5C429531E3B004F37A7 /* ContentView.swift */ = {isa = PBXFileReference; lastKnownFileType = sourcecode.swift; path = ContentView.swift; sourceTree = "<group>"; };
		ACC2F5C629531E3D004F37A7 /* Assets.xcassets */ = {isa = PBXFileReference; lastKnownFileType = folder.assetcatalog; path = Assets.xcassets; sourceTree = "<group>"; };
		ACC2F5C929531E3D004F37A7 /* Preview Assets.xcassets */ = {isa = PBXFileReference; lastKnownFileType = folder.assetcatalog; path = "Preview Assets.xcassets"; sourceTree = "<group>"; };
		ACC2F5D029531FAF004F37A7 /* LoginScreen.swift */ = {isa = PBXFileReference; lastKnownFileType = sourcecode.swift; path = LoginScreen.swift; sourceTree = "<group>"; };
		ACC2F5D229531FFE004F37A7 /* TextFieldComponent.swift */ = {isa = PBXFileReference; lastKnownFileType = sourcecode.swift; path = TextFieldComponent.swift; sourceTree = "<group>"; };
		ACC2F5D62953258A004F37A7 /* FieldViewModel.swift */ = {isa = PBXFileReference; lastKnownFileType = sourcecode.swift; path = FieldViewModel.swift; sourceTree = "<group>"; };
/* End PBXFileReference section */

/* Begin PBXFrameworksBuildPhase section */
		ACC2F5BC29531E3B004F37A7 /* Frameworks */ = {
			isa = PBXFrameworksBuildPhase;
			buildActionMask = 2147483647;
			files = (
			);
			runOnlyForDeploymentPostprocessing = 0;
		};
/* End PBXFrameworksBuildPhase section */

/* Begin PBXGroup section */
		ACA3D88A29596FB30031547C /* View */ = {
			isa = PBXGroup;
			children = (
				ACC2F5D029531FAF004F37A7 /* LoginScreen.swift */,
				ACA3D88B29596FFD0031547C /* LoginPasswordScreen.swift */,
				ACA3D88D295973D60031547C /* ForgottenScreen.swift */,
				ACA3D88F295976900031547C /* RegistrationScreen.swift */,
			);
			path = View;
			sourceTree = "<group>";
		};
		ACB5E87329559F1700742DDD /* Component */ = {
			isa = PBXGroup;
			children = (
				ACC2F5D229531FFE004F37A7 /* TextFieldComponent.swift */,
				AC82347C295712DA0096AAB1 /* BtnBorderComponent.swift */,
			);
			path = Component;
			sourceTree = "<group>";
		};
		ACB5E8762955C8B000742DDD /* Font */ = {
			isa = PBXGroup;
			children = (
				AC97C7452956DD4700F79594 /* Genos-Regular.ttf */,
				AC97C7472956DEB300F79594 /* Genos-Medium.ttf */,
			);
			path = Font;
			sourceTree = "<group>";
		};
		ACC2F5B629531E3B004F37A7 = {
			isa = PBXGroup;
			children = (
				ACC2F5C129531E3B004F37A7 /* PrivateFileSharingApp */,
				ACC2F5C029531E3B004F37A7 /* Products */,
			);
			sourceTree = "<group>";
		};
		ACC2F5C029531E3B004F37A7 /* Products */ = {
			isa = PBXGroup;
			children = (
				ACC2F5BF29531E3B004F37A7 /* PrivateFileSharingApp.app */,
			);
			name = Products;
			sourceTree = "<group>";
		};
		ACC2F5C129531E3B004F37A7 /* PrivateFileSharingApp */ = {
			isa = PBXGroup;
			children = (
				ACA3D88A29596FB30031547C /* View */,
				AC97C7442956D84200F79594 /* Info.plist */,
				ACB5E8762955C8B000742DDD /* Font */,
				ACB5E87329559F1700742DDD /* Component */,
				ACC2F5D52953253C004F37A7 /* ViewModel */,
				ACC2F5C229531E3B004F37A7 /* PrivateFileSharingAppApp.swift */,
				ACC2F5C429531E3B004F37A7 /* ContentView.swift */,
				ACC2F5C629531E3D004F37A7 /* Assets.xcassets */,
				ACC2F5C829531E3D004F37A7 /* Preview Content */,
			);
			path = PrivateFileSharingApp;
			sourceTree = "<group>";
		};
		ACC2F5C829531E3D004F37A7 /* Preview Content */ = {
			isa = PBXGroup;
			children = (
				ACC2F5C929531E3D004F37A7 /* Preview Assets.xcassets */,
			);
			path = "Preview Content";
			sourceTree = "<group>";
		};
		ACC2F5D52953253C004F37A7 /* ViewModel */ = {
			isa = PBXGroup;
			children = (
				ACC2F5D62953258A004F37A7 /* FieldViewModel.swift */,
			);
			path = ViewModel;
			sourceTree = "<group>";
		};
/* End PBXGroup section */

/* Begin PBXNativeTarget section */
		ACC2F5BE29531E3B004F37A7 /* PrivateFileSharingApp */ = {
			isa = PBXNativeTarget;
			buildConfigurationList = ACC2F5CD29531E3D004F37A7 /* Build configuration list for PBXNativeTarget "PrivateFileSharingApp" */;
			buildPhases = (
				ACC2F5BB29531E3B004F37A7 /* Sources */,
				ACC2F5BC29531E3B004F37A7 /* Frameworks */,
				ACC2F5BD29531E3B004F37A7 /* Resources */,
			);
			buildRules = (
			);
			dependencies = (
			);
			name = PrivateFileSharingApp;
			productName = PrivateFileSharingApp;
			productReference = ACC2F5BF29531E3B004F37A7 /* PrivateFileSharingApp.app */;
			productType = "com.apple.product-type.application";
		};
/* End PBXNativeTarget section */

/* Begin PBXProject section */
		ACC2F5B729531E3B004F37A7 /* Project object */ = {
			isa = PBXProject;
			attributes = {
				BuildIndependentTargetsInParallel = 1;
				LastSwiftUpdateCheck = 1410;
				LastUpgradeCheck = 1410;
				TargetAttributes = {
					ACC2F5BE29531E3B004F37A7 = {
						CreatedOnToolsVersion = 14.1;
					};
				};
			};
			buildConfigurationList = ACC2F5BA29531E3B004F37A7 /* Build configuration list for PBXProject "PrivateFileSharingApp" */;
			compatibilityVersion = "Xcode 14.0";
			developmentRegion = en;
			hasScannedForEncodings = 0;
			knownRegions = (
				en,
				Base,
			);
			mainGroup = ACC2F5B629531E3B004F37A7;
			productRefGroup = ACC2F5C029531E3B004F37A7 /* Products */;
			projectDirPath = "";
			projectRoot = "";
			targets = (
				ACC2F5BE29531E3B004F37A7 /* PrivateFileSharingApp */,
			);
		};
/* End PBXProject section */

/* Begin PBXResourcesBuildPhase section */
		ACC2F5BD29531E3B004F37A7 /* Resources */ = {
			isa = PBXResourcesBuildPhase;
			buildActionMask = 2147483647;
			files = (
				ACC2F5CA29531E3D004F37A7 /* Preview Assets.xcassets in Resources */,
				AC97C7462956DD4700F79594 /* Genos-Regular.ttf in Resources */,
				AC97C7482956DEB300F79594 /* Genos-Medium.ttf in Resources */,
				ACC2F5C729531E3D004F37A7 /* Assets.xcassets in Resources */,
			);
			runOnlyForDeploymentPostprocessing = 0;
		};
/* End PBXResourcesBuildPhase section */

/* Begin PBXSourcesBuildPhase section */
		ACC2F5BB29531E3B004F37A7 /* Sources */ = {
			isa = PBXSourcesBuildPhase;
			buildActionMask = 2147483647;
			files = (
				ACC2F5C529531E3B004F37A7 /* ContentView.swift in Sources */,
				ACC2F5D72953258A004F37A7 /* FieldViewModel.swift in Sources */,
				ACA3D88E295973D60031547C /* ForgottenScreen.swift in Sources */,
				ACC2F5C329531E3B004F37A7 /* PrivateFileSharingAppApp.swift in Sources */,
				ACA3D88C29596FFD0031547C /* LoginPasswordScreen.swift in Sources */,
				ACA3D890295976900031547C /* RegistrationScreen.swift in Sources */,
				AC82347D295712DA0096AAB1 /* BtnBorderComponent.swift in Sources */,
				ACC2F5D129531FAF004F37A7 /* LoginScreen.swift in Sources */,
				ACC2F5D329531FFE004F37A7 /* TextFieldComponent.swift in Sources */,
			);
			runOnlyForDeploymentPostprocessing = 0;
		};
/* End PBXSourcesBuildPhase section */

/* Begin XCBuildConfiguration section */
		ACC2F5CB29531E3D004F37A7 /* Debug */ = {
			isa = XCBuildConfiguration;
			buildSettings = {
				ALWAYS_SEARCH_USER_PATHS = NO;
				CLANG_ANALYZER_NONNULL = YES;
				CLANG_ANALYZER_NUMBER_OBJECT_CONVERSION = YES_AGGRESSIVE;
				CLANG_CXX_LANGUAGE_STANDARD = "gnu++20";
				CLANG_ENABLE_MODULES = YES;
				CLANG_ENABLE_OBJC_ARC = YES;
				CLANG_ENABLE_OBJC_WEAK = YES;
				CLANG_WARN_BLOCK_CAPTURE_AUTORELEASING = YES;
				CLANG_WARN_BOOL_CONVERSION = YES;
				CLANG_WARN_COMMA = YES;
				CLANG_WARN_CONSTANT_CONVERSION = YES;
				CLANG_WARN_DEPRECATED_OBJC_IMPLEMENTATIONS = YES;
				CLANG_WARN_DIRECT_OBJC_ISA_USAGE = YES_ERROR;
				CLANG_WARN_DOCUMENTATION_COMMENTS = YES;
				CLANG_WARN_EMPTY_BODY = YES;
				CLANG_WARN_ENUM_CONVERSION = YES;
				CLANG_WARN_INFINITE_RECURSION = YES;
				CLANG_WARN_INT_CONVERSION = YES;
				CLANG_WARN_NON_LITERAL_NULL_CONVERSION = YES;
				CLANG_WARN_OBJC_IMPLICIT_RETAIN_SELF = YES;
				CLANG_WARN_OBJC_LITERAL_CONVERSION = YES;
				CLANG_WARN_OBJC_ROOT_CLASS = YES_ERROR;
				CLANG_WARN_QUOTED_INCLUDE_IN_FRAMEWORK_HEADER = YES;
				CLANG_WARN_RANGE_LOOP_ANALYSIS = YES;
				CLANG_WARN_STRICT_PROTOTYPES = YES;
				CLANG_WARN_SUSPICIOUS_MOVE = YES;
				CLANG_WARN_UNGUARDED_AVAILABILITY = YES_AGGRESSIVE;
				CLANG_WARN_UNREACHABLE_CODE = YES;
				CLANG_WARN__DUPLICATE_METHOD_MATCH = YES;
				COPY_PHASE_STRIP = NO;
				DEBUG_INFORMATION_FORMAT = dwarf;
				ENABLE_STRICT_OBJC_MSGSEND = YES;
				ENABLE_TESTABILITY = YES;
				GCC_C_LANGUAGE_STANDARD = gnu11;
				GCC_DYNAMIC_NO_PIC = NO;
				GCC_NO_COMMON_BLOCKS = YES;
				GCC_OPTIMIZATION_LEVEL = 0;
				GCC_PREPROCESSOR_DEFINITIONS = (
					"DEBUG=1",
					"$(inherited)",
				);
				GCC_WARN_64_TO_32_BIT_CONVERSION = YES;
				GCC_WARN_ABOUT_RETURN_TYPE = YES_ERROR;
				GCC_WARN_UNDECLARED_SELECTOR = YES;
				GCC_WARN_UNINITIALIZED_AUTOS = YES_AGGRESSIVE;
				GCC_WARN_UNUSED_FUNCTION = YES;
				GCC_WARN_UNUSED_VARIABLE = YES;
				IPHONEOS_DEPLOYMENT_TARGET = 16.1;
				MTL_ENABLE_DEBUG_INFO = INCLUDE_SOURCE;
				MTL_FAST_MATH = YES;
				ONLY_ACTIVE_ARCH = YES;
				SDKROOT = iphoneos;
				SWIFT_ACTIVE_COMPILATION_CONDITIONS = DEBUG;
				SWIFT_OPTIMIZATION_LEVEL = "-Onone";
			};
			name = Debug;
		};
		ACC2F5CC29531E3D004F37A7 /* Release */ = {
			isa = XCBuildConfiguration;
			buildSettings = {
				ALWAYS_SEARCH_USER_PATHS = NO;
				CLANG_ANALYZER_NONNULL = YES;
				CLANG_ANALYZER_NUMBER_OBJECT_CONVERSION = YES_AGGRESSIVE;
				CLANG_CXX_LANGUAGE_STANDARD = "gnu++20";
				CLANG_ENABLE_MODULES = YES;
				CLANG_ENABLE_OBJC_ARC = YES;
				CLANG_ENABLE_OBJC_WEAK = YES;
				CLANG_WARN_BLOCK_CAPTURE_AUTORELEASING = YES;
				CLANG_WARN_BOOL_CONVERSION = YES;
				CLANG_WARN_COMMA = YES;
				CLANG_WARN_CONSTANT_CONVERSION = YES;
				CLANG_WARN_DEPRECATED_OBJC_IMPLEMENTATIONS = YES;
				CLANG_WARN_DIRECT_OBJC_ISA_USAGE = YES_ERROR;
				CLANG_WARN_DOCUMENTATION_COMMENTS = YES;
				CLANG_WARN_EMPTY_BODY = YES;
				CLANG_WARN_ENUM_CONVERSION = YES;
				CLANG_WARN_INFINITE_RECURSION = YES;
				CLANG_WARN_INT_CONVERSION = YES;
				CLANG_WARN_NON_LITERAL_NULL_CONVERSION = YES;
				CLANG_WARN_OBJC_IMPLICIT_RETAIN_SELF = YES;
				CLANG_WARN_OBJC_LITERAL_CONVERSION = YES;
				CLANG_WARN_OBJC_ROOT_CLASS = YES_ERROR;
				CLANG_WARN_QUOTED_INCLUDE_IN_FRAMEWORK_HEADER = YES;
				CLANG_WARN_RANGE_LOOP_ANALYSIS = YES;
				CLANG_WARN_STRICT_PROTOTYPES = YES;
				CLANG_WARN_SUSPICIOUS_MOVE = YES;
				CLANG_WARN_UNGUARDED_AVAILABILITY = YES_AGGRESSIVE;
				CLANG_WARN_UNREACHABLE_CODE = YES;
				CLANG_WARN__DUPLICATE_METHOD_MATCH = YES;
				COPY_PHASE_STRIP = NO;
				DEBUG_INFORMATION_FORMAT = "dwarf-with-dsym";
				ENABLE_NS_ASSERTIONS = NO;
				ENABLE_STRICT_OBJC_MSGSEND = YES;
				GCC_C_LANGUAGE_STANDARD = gnu11;
				GCC_NO_COMMON_BLOCKS = YES;
				GCC_WARN_64_TO_32_BIT_CONVERSION = YES;
				GCC_WARN_ABOUT_RETURN_TYPE = YES_ERROR;
				GCC_WARN_UNDECLARED_SELECTOR = YES;
				GCC_WARN_UNINITIALIZED_AUTOS = YES_AGGRESSIVE;
				GCC_WARN_UNUSED_FUNCTION = YES;
				GCC_WARN_UNUSED_VARIABLE = YES;
				IPHONEOS_DEPLOYMENT_TARGET = 16.1;
				MTL_ENABLE_DEBUG_INFO = NO;
				MTL_FAST_MATH = YES;
				SDKROOT = iphoneos;
				SWIFT_COMPILATION_MODE = wholemodule;
				SWIFT_OPTIMIZATION_LEVEL = "-O";
				VALIDATE_PRODUCT = YES;
			};
			name = Release;
		};
		ACC2F5CE29531E3D004F37A7 /* Debug */ = {
			isa = XCBuildConfiguration;
			buildSettings = {
				ASSETCATALOG_COMPILER_APPICON_NAME = AppIcon;
				ASSETCATALOG_COMPILER_GLOBAL_ACCENT_COLOR_NAME = AccentColor;
				CODE_SIGN_STYLE = Automatic;
				CURRENT_PROJECT_VERSION = 1;
				DEVELOPMENT_ASSET_PATHS = "\"PrivateFileSharingApp/Preview Content\"";
				ENABLE_PREVIEWS = YES;
				GENERATE_INFOPLIST_FILE = YES;
				INFOPLIST_FILE = PrivateFileSharingApp/Info.plist;
				INFOPLIST_KEY_UIApplicationSceneManifest_Generation = YES;
				INFOPLIST_KEY_UIApplicationSupportsIndirectInputEvents = YES;
				INFOPLIST_KEY_UILaunchScreen_Generation = YES;
				INFOPLIST_KEY_UISupportedInterfaceOrientations_iPad = "UIInterfaceOrientationPortrait UIInterfaceOrientationPortraitUpsideDown UIInterfaceOrientationLandscapeLeft UIInterfaceOrientationLandscapeRight";
				INFOPLIST_KEY_UISupportedInterfaceOrientations_iPhone = "UIInterfaceOrientationPortrait UIInterfaceOrientationLandscapeLeft UIInterfaceOrientationLandscapeRight";
				LD_RUNPATH_SEARCH_PATHS = (
					"$(inherited)",
					"@executable_path/Frameworks",
				);
				MARKETING_VERSION = 1.0;
				PRODUCT_BUNDLE_IDENTIFIER = Bhumika.PrivateFileSharingApp;
				PRODUCT_NAME = "$(TARGET_NAME)";
				SWIFT_EMIT_LOC_STRINGS = YES;
				SWIFT_VERSION = 5.0;
				TARGETED_DEVICE_FAMILY = "1,2";
			};
			name = Debug;
		};
		ACC2F5CF29531E3D004F37A7 /* Release */ = {
			isa = XCBuildConfiguration;
			buildSettings = {
				ASSETCATALOG_COMPILER_APPICON_NAME = AppIcon;
				ASSETCATALOG_COMPILER_GLOBAL_ACCENT_COLOR_NAME = AccentColor;
				CODE_SIGN_STYLE = Automatic;
				CURRENT_PROJECT_VERSION = 1;
				DEVELOPMENT_ASSET_PATHS = "\"PrivateFileSharingApp/Preview Content\"";
				ENABLE_PREVIEWS = YES;
				GENERATE_INFOPLIST_FILE = YES;
				INFOPLIST_FILE = PrivateFileSharingApp/Info.plist;
				INFOPLIST_KEY_UIApplicationSceneManifest_Generation = YES;
				INFOPLIST_KEY_UIApplicationSupportsIndirectInputEvents = YES;
				INFOPLIST_KEY_UILaunchScreen_Generation = YES;
				INFOPLIST_KEY_UISupportedInterfaceOrientations_iPad = "UIInterfaceOrientationPortrait UIInterfaceOrientationPortraitUpsideDown UIInterfaceOrientationLandscapeLeft UIInterfaceOrientationLandscapeRight";
				INFOPLIST_KEY_UISupportedInterfaceOrientations_iPhone = "UIInterfaceOrientationPortrait UIInterfaceOrientationLandscapeLeft UIInterfaceOrientationLandscapeRight";
				LD_RUNPATH_SEARCH_PATHS = (
					"$(inherited)",
					"@executable_path/Frameworks",
				);
				MARKETING_VERSION = 1.0;
				PRODUCT_BUNDLE_IDENTIFIER = Bhumika.PrivateFileSharingApp;
				PRODUCT_NAME = "$(TARGET_NAME)";
				SWIFT_EMIT_LOC_STRINGS = YES;
				SWIFT_VERSION = 5.0;
				TARGETED_DEVICE_FAMILY = "1,2";
			};
			name = Release;
		};
/* End XCBuildConfiguration section */

/* Begin XCConfigurationList section */
		ACC2F5BA29531E3B004F37A7 /* Build configuration list for PBXProject "PrivateFileSharingApp" */ = {
			isa = XCConfigurationList;
			buildConfigurations = (
				ACC2F5CB29531E3D004F37A7 /* Debug */,
				ACC2F5CC29531E3D004F37A7 /* Release */,
			);
			defaultConfigurationIsVisible = 0;
			defaultConfigurationName = Release;
		};
		ACC2F5CD29531E3D004F37A7 /* Build configuration list for PBXNativeTarget "PrivateFileSharingApp" */ = {
			isa = XCConfigurationList;
			buildConfigurations = (
				ACC2F5CE29531E3D004F37A7 /* Debug */,
				ACC2F5CF29531E3D004F37A7 /* Release */,
			);
			defaultConfigurationIsVisible = 0;
			defaultConfigurationName = Release;
		};
/* End XCConfigurationList section */
	};
	rootObject = ACC2F5B729531E3B004F37A7 /* Project object */;
}
